
Microsoft Visual Studio Solution File, Format Version 12.00
# Visual Studio Version 16
VisualStudioVersion = 25.0.1704.1
MinimumVisualStudioVersion = 10.0.40219.1
Project("{FAE04EC0-301F-11D3-BF4B-00C04F79EFBC}") = "Zadacha1", "Zadacha1\Zadacha1.csproj", "{9666297D-0FC4-4E02-A107-4A75DB7F7D75}"
EndProject
Project("{FAE04EC0-301F-11D3-BF4B-00C04F79EFBC}") = "HW_Zad1", "HW_Zad1\HW_Zad1.csproj", "{58DA6DE4-74D1-408D-A67A-BFFC68D05F6E}"
EndProject
Project("{FAE04EC0-301F-11D3-BF4B-00C04F79EFBC}") = "HW_Zad2", "HW_Zad2\HW_Zad2.csproj", "{C6452420-BAD5-45CF-8B39-512BF537FA47}"
EndProject
Global
	GlobalSection(SolutionConfigurationPlatforms) = preSolution
		Debug|Any CPU = Debug|Any CPU
		Release|Any CPU = Release|Any CPU
	EndGlobalSection
	GlobalSection(ProjectConfigurationPlatforms) = postSolution
		{9666297D-0FC4-4E02-A107-4A75DB7F7D75}.Debug|Any CPU.ActiveCfg = Debug|Any CPU
		{9666297D-0FC4-4E02-A107-4A75DB7F7D75}.Debug|Any CPU.Build.0 = Debug|Any CPU
		{9666297D-0FC4-4E02-A107-4A75DB7F7D75}.Release|Any CPU.ActiveCfg = Release|Any CPU
		{9666297D-0FC4-4E02-A107-4A75DB7F7D75}.Release|Any CPU.Build.0 = Release|Any CPU
		{58DA6DE4-74D1-408D-A67A-BFFC68D05F6E}.Debug|Any CPU.ActiveCfg = Debug|Any CPU
		{58DA6DE4-74D1-408D-A67A-BFFC68D05F6E}.Debug|Any CPU.Build.0 = Debug|Any CPU
		{58DA6DE4-74D1-408D-A67A-BFFC68D05F6E}.Release|Any CPU.ActiveCfg = Release|Any CPU
		{58DA6DE4-74D1-408D-A67A-BFFC68D05F6E}.Release|Any CPU.Build.0 = Release|Any CPU
		{C6452420-BAD5-45CF-8B39-512BF537FA47}.Debug|Any CPU.ActiveCfg = Debug|Any CPU
		{C6452420-BAD5-45CF-8B39-512BF537FA47}.Debug|Any CPU.Build.0 = Debug|Any CPU
		{C6452420-BAD5-45CF-8B39-512BF537FA47}.Release|Any CPU.ActiveCfg = Release|Any CPU
		{C6452420-BAD5-45CF-8B39-512BF537FA47}.Release|Any CPU.Build.0 = Release|Any CPU
	EndGlobalSection
	GlobalSection(SolutionProperties) = preSolution
		HideSolutionNode = FALSE
	EndGlobalSection
	GlobalSection(ExtensibilityGlobals) = postSolution
		SolutionGuid = {F3ABB996-6FCE-4347-A0C6-847B3711E4A1}
	EndGlobalSection
EndGlobal
