
Microsoft Visual Studio Solution File, Format Version 12.00
# Visual Studio Version 16
VisualStudioVersion = 25.0.1703.6
MinimumVisualStudioVersion = 10.0.40219.1
Project("{FAE04EC0-301F-11D3-BF4B-00C04F79EFBC}") = "zadacha1", "zadacha1\zadacha1.csproj", "{9227F3ED-55DE-4B80-A820-FD1CA4809E95}"
EndProject
Project("{FAE04EC0-301F-11D3-BF4B-00C04F79EFBC}") = "zadacha2", "zadacha2\zadacha2.csproj", "{E660D04F-A777-4336-A4E3-8529CA0F2551}"
EndProject
Project("{FAE04EC0-301F-11D3-BF4B-00C04F79EFBC}") = "zadacha3", "zadacha3\zadacha3.csproj", "{413DB0BD-F5EC-41F8-8C72-90B32201E8C7}"
EndProject
Project("{FAE04EC0-301F-11D3-BF4B-00C04F79EFBC}") = "zadacha4", "zadacha4\zadacha4.csproj", "{9ADB861D-9880-4A5A-8F16-56BC412CA733}"
EndProject
Project("{FAE04EC0-301F-11D3-BF4B-00C04F79EFBC}") = "zadacha5", "zadacha5\zadacha5.csproj", "{7D345C67-7D3F-4DD5-9F30-291DA33AFA46}"
EndProject
Project("{FAE04EC0-301F-11D3-BF4B-00C04F79EFBC}") = "zadacha6", "zadacha6\zadacha6.csproj", "{A6F606C2-2D8F-4126-BB5A-8E225ABD5BFC}"
EndProject
Project("{FAE04EC0-301F-11D3-BF4B-00C04F79EFBC}") = "zadacha7", "zadacha7\zadacha7.csproj", "{F9E1EF81-01C2-42A3-879E-6314AA78AEED}"
EndProject
Project("{FAE04EC0-301F-11D3-BF4B-00C04F79EFBC}") = "zadacha8", "zadacha8\zadacha8.csproj", "{8BC72AA6-4C2B-4C39-B740-F0CF2B3D6B3F}"
EndProject
Project("{FAE04EC0-301F-11D3-BF4B-00C04F79EFBC}") = "zadacha9", "zadacha9\zadacha9.csproj", "{DAE1BC77-97CD-4F8A-8805-FC356CE1DAE2}"
EndProject
Global
	GlobalSection(SolutionConfigurationPlatforms) = preSolution
		Debug|Any CPU = Debug|Any CPU
		Release|Any CPU = Release|Any CPU
	EndGlobalSection
	GlobalSection(ProjectConfigurationPlatforms) = postSolution
		{9227F3ED-55DE-4B80-A820-FD1CA4809E95}.Debug|Any CPU.ActiveCfg = Debug|Any CPU
		{9227F3ED-55DE-4B80-A820-FD1CA4809E95}.Debug|Any CPU.Build.0 = Debug|Any CPU
		{9227F3ED-55DE-4B80-A820-FD1CA4809E95}.Release|Any CPU.ActiveCfg = Release|Any CPU
		{9227F3ED-55DE-4B80-A820-FD1CA4809E95}.Release|Any CPU.Build.0 = Release|Any CPU
		{E660D04F-A777-4336-A4E3-8529CA0F2551}.Debug|Any CPU.ActiveCfg = Debug|Any CPU
		{E660D04F-A777-4336-A4E3-8529CA0F2551}.Debug|Any CPU.Build.0 = Debug|Any CPU
		{E660D04F-A777-4336-A4E3-8529CA0F2551}.Release|Any CPU.ActiveCfg = Release|Any CPU
		{E660D04F-A777-4336-A4E3-8529CA0F2551}.Release|Any CPU.Build.0 = Release|Any CPU
		{413DB0BD-F5EC-41F8-8C72-90B32201E8C7}.Debug|Any CPU.ActiveCfg = Debug|Any CPU
		{413DB0BD-F5EC-41F8-8C72-90B32201E8C7}.Debug|Any CPU.Build.0 = Debug|Any CPU
		{413DB0BD-F5EC-41F8-8C72-90B32201E8C7}.Release|Any CPU.ActiveCfg = Release|Any CPU
		{413DB0BD-F5EC-41F8-8C72-90B32201E8C7}.Release|Any CPU.Build.0 = Release|Any CPU
		{9ADB861D-9880-4A5A-8F16-56BC412CA733}.Debug|Any CPU.ActiveCfg = Debug|Any CPU
		{9ADB861D-9880-4A5A-8F16-56BC412CA733}.Debug|Any CPU.Build.0 = Debug|Any CPU
		{9ADB861D-9880-4A5A-8F16-56BC412CA733}.Release|Any CPU.ActiveCfg = Release|Any CPU
		{9ADB861D-9880-4A5A-8F16-56BC412CA733}.Release|Any CPU.Build.0 = Release|Any CPU
		{7D345C67-7D3F-4DD5-9F30-291DA33AFA46}.Debug|Any CPU.ActiveCfg = Debug|Any CPU
		{7D345C67-7D3F-4DD5-9F30-291DA33AFA46}.Debug|Any CPU.Build.0 = Debug|Any CPU
		{7D345C67-7D3F-4DD5-9F30-291DA33AFA46}.Release|Any CPU.ActiveCfg = Release|Any CPU
		{7D345C67-7D3F-4DD5-9F30-291DA33AFA46}.Release|Any CPU.Build.0 = Release|Any CPU
		{A6F606C2-2D8F-4126-BB5A-8E225ABD5BFC}.Debug|Any CPU.ActiveCfg = Debug|Any CPU
		{A6F606C2-2D8F-4126-BB5A-8E225ABD5BFC}.Debug|Any CPU.Build.0 = Debug|Any CPU
		{A6F606C2-2D8F-4126-BB5A-8E225ABD5BFC}.Release|Any CPU.ActiveCfg = Release|Any CPU
		{A6F606C2-2D8F-4126-BB5A-8E225ABD5BFC}.Release|Any CPU.Build.0 = Release|Any CPU
		{F9E1EF81-01C2-42A3-879E-6314AA78AEED}.Debug|Any CPU.ActiveCfg = Debug|Any CPU
		{F9E1EF81-01C2-42A3-879E-6314AA78AEED}.Debug|Any CPU.Build.0 = Debug|Any CPU
		{F9E1EF81-01C2-42A3-879E-6314AA78AEED}.Release|Any CPU.ActiveCfg = Release|Any CPU
		{F9E1EF81-01C2-42A3-879E-6314AA78AEED}.Release|Any CPU.Build.0 = Release|Any CPU
		{8BC72AA6-4C2B-4C39-B740-F0CF2B3D6B3F}.Debug|Any CPU.ActiveCfg = Debug|Any CPU
		{8BC72AA6-4C2B-4C39-B740-F0CF2B3D6B3F}.Debug|Any CPU.Build.0 = Debug|Any CPU
		{8BC72AA6-4C2B-4C39-B740-F0CF2B3D6B3F}.Release|Any CPU.ActiveCfg = Release|Any CPU
		{8BC72AA6-4C2B-4C39-B740-F0CF2B3D6B3F}.Release|Any CPU.Build.0 = Release|Any CPU
		{DAE1BC77-97CD-4F8A-8805-FC356CE1DAE2}.Debug|Any CPU.ActiveCfg = Debug|Any CPU
		{DAE1BC77-97CD-4F8A-8805-FC356CE1DAE2}.Debug|Any CPU.Build.0 = Debug|Any CPU
		{DAE1BC77-97CD-4F8A-8805-FC356CE1DAE2}.Release|Any CPU.ActiveCfg = Release|Any CPU
		{DAE1BC77-97CD-4F8A-8805-FC356CE1DAE2}.Release|Any CPU.Build.0 = Release|Any CPU
	EndGlobalSection
	GlobalSection(SolutionProperties) = preSolution
		HideSolutionNode = FALSE
	EndGlobalSection
	GlobalSection(ExtensibilityGlobals) = postSolution
		SolutionGuid = {E61485C4-FE83-4226-9680-E8DA3ADA802B}
	EndGlobalSection
EndGlobal
