
Microsoft Visual Studio Solution File, Format Version 12.00
# Visual Studio Version 16
VisualStudioVersion = 25.0.1704.4
MinimumVisualStudioVersion = 10.0.40219.1
Project("{FAE04EC0-301F-11D3-BF4B-00C04F79EFBC}") = "Zadacha1", "Zadacha1\Zadacha1.csproj", "{1C0960DB-7236-4616-B303-357A8D961D8D}"
EndProject
Project("{FAE04EC0-301F-11D3-BF4B-00C04F79EFBC}") = "Testing", "Testing\Testing.csproj", "{3E07C194-A896-4863-B94B-0E59A4F8A12E}"
EndProject
Global
	GlobalSection(SolutionConfigurationPlatforms) = preSolution
		Debug|Any CPU = Debug|Any CPU
		Release|Any CPU = Release|Any CPU
	EndGlobalSection
	GlobalSection(ProjectConfigurationPlatforms) = postSolution
		{1C0960DB-7236-4616-B303-357A8D961D8D}.Debug|Any CPU.ActiveCfg = Debug|Any CPU
		{1C0960DB-7236-4616-B303-357A8D961D8D}.Debug|Any CPU.Build.0 = Debug|Any CPU
		{1C0960DB-7236-4616-B303-357A8D961D8D}.Release|Any CPU.ActiveCfg = Release|Any CPU
		{1C0960DB-7236-4616-B303-357A8D961D8D}.Release|Any CPU.Build.0 = Release|Any CPU
		{3E07C194-A896-4863-B94B-0E59A4F8A12E}.Debug|Any CPU.ActiveCfg = Debug|Any CPU
		{3E07C194-A896-4863-B94B-0E59A4F8A12E}.Debug|Any CPU.Build.0 = Debug|Any CPU
		{3E07C194-A896-4863-B94B-0E59A4F8A12E}.Release|Any CPU.ActiveCfg = Release|Any CPU
		{3E07C194-A896-4863-B94B-0E59A4F8A12E}.Release|Any CPU.Build.0 = Release|Any CPU
	EndGlobalSection
	GlobalSection(SolutionProperties) = preSolution
		HideSolutionNode = FALSE
	EndGlobalSection
	GlobalSection(ExtensibilityGlobals) = postSolution
		SolutionGuid = {4488B78A-7F1F-4838-98AB-93EF77E57AA4}
	EndGlobalSection
EndGlobal
