
Microsoft Visual Studio Solution File, Format Version 12.00
# Visual Studio Version 16
VisualStudioVersion = 25.0.1703.6
MinimumVisualStudioVersion = 10.0.40219.1
Project("{FAE04EC0-301F-11D3-BF4B-00C04F79EFBC}") = "Zadacha1", "Zadacha1\Zadacha1.csproj", "{927ADF0D-6924-45BE-AAC2-0A0FA3849036}"
EndProject
Global
	GlobalSection(SolutionConfigurationPlatforms) = preSolution
		Debug|Any CPU = Debug|Any CPU
		Release|Any CPU = Release|Any CPU
	EndGlobalSection
	GlobalSection(ProjectConfigurationPlatforms) = postSolution
		{927ADF0D-6924-45BE-AAC2-0A0FA3849036}.Debug|Any CPU.ActiveCfg = Debug|Any CPU
		{927ADF0D-6924-45BE-AAC2-0A0FA3849036}.Debug|Any CPU.Build.0 = Debug|Any CPU
		{927ADF0D-6924-45BE-AAC2-0A0FA3849036}.Release|Any CPU.ActiveCfg = Release|Any CPU
		{927ADF0D-6924-45BE-AAC2-0A0FA3849036}.Release|Any CPU.Build.0 = Release|Any CPU
	EndGlobalSection
	GlobalSection(SolutionProperties) = preSolution
		HideSolutionNode = FALSE
	EndGlobalSection
	GlobalSection(ExtensibilityGlobals) = postSolution
		SolutionGuid = {F282D7C9-93A0-4E59-BA3B-65F7E907C4F6}
	EndGlobalSection
EndGlobal
