
Microsoft Visual Studio Solution File, Format Version 12.00
# Visual Studio Version 16
VisualStudioVersion = 25.0.1704.4
MinimumVisualStudioVersion = 10.0.40219.1
Project("{FAE04EC0-301F-11D3-BF4B-00C04F79EFBC}") = "Zadacha1", "Zadacha1\Zadacha1.csproj", "{5881877C-4009-4DC6-AF3A-96680BDAA585}"
EndProject
Global
	GlobalSection(SolutionConfigurationPlatforms) = preSolution
		Debug|Any CPU = Debug|Any CPU
		Release|Any CPU = Release|Any CPU
	EndGlobalSection
	GlobalSection(ProjectConfigurationPlatforms) = postSolution
		{5881877C-4009-4DC6-AF3A-96680BDAA585}.Debug|Any CPU.ActiveCfg = Debug|Any CPU
		{5881877C-4009-4DC6-AF3A-96680BDAA585}.Debug|Any CPU.Build.0 = Debug|Any CPU
		{5881877C-4009-4DC6-AF3A-96680BDAA585}.Release|Any CPU.ActiveCfg = Release|Any CPU
		{5881877C-4009-4DC6-AF3A-96680BDAA585}.Release|Any CPU.Build.0 = Release|Any CPU
	EndGlobalSection
	GlobalSection(SolutionProperties) = preSolution
		HideSolutionNode = FALSE
	EndGlobalSection
	GlobalSection(ExtensibilityGlobals) = postSolution
		SolutionGuid = {48D310B1-6A60-409B-991B-9EFFE2F6EE63}
	EndGlobalSection
EndGlobal
