
Microsoft Visual Studio Solution File, Format Version 12.00
# Visual Studio Version 16
VisualStudioVersion = 25.0.1703.5
MinimumVisualStudioVersion = 10.0.40219.1
Project("{FAE04EC0-301F-11D3-BF4B-00C04F79EFBC}") = "circleArea", "circleArea\circleArea.csproj", "{1A8125B0-6D6A-4A2A-A71C-513E6CA037A4}"
EndProject
Global
	GlobalSection(SolutionConfigurationPlatforms) = preSolution
		Debug|Any CPU = Debug|Any CPU
		Release|Any CPU = Release|Any CPU
	EndGlobalSection
	GlobalSection(ProjectConfigurationPlatforms) = postSolution
		{1A8125B0-6D6A-4A2A-A71C-513E6CA037A4}.Debug|Any CPU.ActiveCfg = Debug|Any CPU
		{1A8125B0-6D6A-4A2A-A71C-513E6CA037A4}.Debug|Any CPU.Build.0 = Debug|Any CPU
		{1A8125B0-6D6A-4A2A-A71C-513E6CA037A4}.Release|Any CPU.ActiveCfg = Release|Any CPU
		{1A8125B0-6D6A-4A2A-A71C-513E6CA037A4}.Release|Any CPU.Build.0 = Release|Any CPU
	EndGlobalSection
	GlobalSection(SolutionProperties) = preSolution
		HideSolutionNode = FALSE
	EndGlobalSection
	GlobalSection(ExtensibilityGlobals) = postSolution
		SolutionGuid = {2F56D861-87B1-4298-BD98-3BFF4BA69169}
	EndGlobalSection
EndGlobal
