
Microsoft Visual Studio Solution File, Format Version 12.00
# Visual Studio Version 16
VisualStudioVersion = 25.0.1703.6
MinimumVisualStudioVersion = 10.0.40219.1
Project("{FAE04EC0-301F-11D3-BF4B-00C04F79EFBC}") = "Zadacha1", "Zadacha1\Zadacha1.csproj", "{948A6943-9609-4761-A0A3-846A0D9A3BE8}"
EndProject
Project("{FAE04EC0-301F-11D3-BF4B-00C04F79EFBC}") = "zadacha2", "zadacha2\zadacha2.csproj", "{E570290E-66F0-4496-8417-60AC1ABEC76D}"
EndProject
Project("{FAE04EC0-301F-11D3-BF4B-00C04F79EFBC}") = "zadacha3", "zadacha3\zadacha3.csproj", "{82968438-B371-4883-86C0-EA4F32CEC8DD}"
EndProject
Project("{FAE04EC0-301F-11D3-BF4B-00C04F79EFBC}") = "zadacha4", "zadacha4\zadacha4.csproj", "{14717F30-0371-4F63-88B3-6CD812F9112E}"
EndProject
Project("{FAE04EC0-301F-11D3-BF4B-00C04F79EFBC}") = "zadacha5", "zadacha5\zadacha5.csproj", "{674030FC-6F31-4A78-80C0-1CA57974E4CD}"
EndProject
Project("{FAE04EC0-301F-11D3-BF4B-00C04F79EFBC}") = "zadacha7", "zadacha7\zadacha7.csproj", "{E0A157B6-2B8C-4B3C-93B5-66E8825E0372}"
EndProject
Global
	GlobalSection(SolutionConfigurationPlatforms) = preSolution
		Debug|Any CPU = Debug|Any CPU
		Release|Any CPU = Release|Any CPU
	EndGlobalSection
	GlobalSection(ProjectConfigurationPlatforms) = postSolution
		{948A6943-9609-4761-A0A3-846A0D9A3BE8}.Debug|Any CPU.ActiveCfg = Debug|Any CPU
		{948A6943-9609-4761-A0A3-846A0D9A3BE8}.Debug|Any CPU.Build.0 = Debug|Any CPU
		{948A6943-9609-4761-A0A3-846A0D9A3BE8}.Release|Any CPU.ActiveCfg = Release|Any CPU
		{948A6943-9609-4761-A0A3-846A0D9A3BE8}.Release|Any CPU.Build.0 = Release|Any CPU
		{E570290E-66F0-4496-8417-60AC1ABEC76D}.Debug|Any CPU.ActiveCfg = Debug|Any CPU
		{E570290E-66F0-4496-8417-60AC1ABEC76D}.Debug|Any CPU.Build.0 = Debug|Any CPU
		{E570290E-66F0-4496-8417-60AC1ABEC76D}.Release|Any CPU.ActiveCfg = Release|Any CPU
		{E570290E-66F0-4496-8417-60AC1ABEC76D}.Release|Any CPU.Build.0 = Release|Any CPU
		{82968438-B371-4883-86C0-EA4F32CEC8DD}.Debug|Any CPU.ActiveCfg = Debug|Any CPU
		{82968438-B371-4883-86C0-EA4F32CEC8DD}.Debug|Any CPU.Build.0 = Debug|Any CPU
		{82968438-B371-4883-86C0-EA4F32CEC8DD}.Release|Any CPU.ActiveCfg = Release|Any CPU
		{82968438-B371-4883-86C0-EA4F32CEC8DD}.Release|Any CPU.Build.0 = Release|Any CPU
		{14717F30-0371-4F63-88B3-6CD812F9112E}.Debug|Any CPU.ActiveCfg = Debug|Any CPU
		{14717F30-0371-4F63-88B3-6CD812F9112E}.Debug|Any CPU.Build.0 = Debug|Any CPU
		{14717F30-0371-4F63-88B3-6CD812F9112E}.Release|Any CPU.ActiveCfg = Release|Any CPU
		{14717F30-0371-4F63-88B3-6CD812F9112E}.Release|Any CPU.Build.0 = Release|Any CPU
		{674030FC-6F31-4A78-80C0-1CA57974E4CD}.Debug|Any CPU.ActiveCfg = Debug|Any CPU
		{674030FC-6F31-4A78-80C0-1CA57974E4CD}.Debug|Any CPU.Build.0 = Debug|Any CPU
		{674030FC-6F31-4A78-80C0-1CA57974E4CD}.Release|Any CPU.ActiveCfg = Release|Any CPU
		{674030FC-6F31-4A78-80C0-1CA57974E4CD}.Release|Any CPU.Build.0 = Release|Any CPU
		{E0A157B6-2B8C-4B3C-93B5-66E8825E0372}.Debug|Any CPU.ActiveCfg = Debug|Any CPU
		{E0A157B6-2B8C-4B3C-93B5-66E8825E0372}.Debug|Any CPU.Build.0 = Debug|Any CPU
		{E0A157B6-2B8C-4B3C-93B5-66E8825E0372}.Release|Any CPU.ActiveCfg = Release|Any CPU
		{E0A157B6-2B8C-4B3C-93B5-66E8825E0372}.Release|Any CPU.Build.0 = Release|Any CPU
	EndGlobalSection
	GlobalSection(SolutionProperties) = preSolution
		HideSolutionNode = FALSE
	EndGlobalSection
	GlobalSection(ExtensibilityGlobals) = postSolution
		SolutionGuid = {7B935BAD-1F5B-4D6A-B976-B13E9697FA04}
	EndGlobalSection
EndGlobal
