
Microsoft Visual Studio Solution File, Format Version 12.00
# Visual Studio Version 16
VisualStudioVersion = 25.0.1703.6
MinimumVisualStudioVersion = 10.0.40219.1
Project("{FAE04EC0-301F-11D3-BF4B-00C04F79EFBC}") = "Zadacha1", "Zadacha1\Zadacha1.csproj", "{9FF97629-3157-4917-8CF9-7C83C61F9FB3}"
EndProject
Project("{FAE04EC0-301F-11D3-BF4B-00C04F79EFBC}") = "Zadacha2", "Zadacha2\Zadacha2.csproj", "{4479B107-E99E-46DD-AC55-E6A68B068447}"
EndProject
Global
	GlobalSection(SolutionConfigurationPlatforms) = preSolution
		Debug|Any CPU = Debug|Any CPU
		Release|Any CPU = Release|Any CPU
	EndGlobalSection
	GlobalSection(ProjectConfigurationPlatforms) = postSolution
		{9FF97629-3157-4917-8CF9-7C83C61F9FB3}.Debug|Any CPU.ActiveCfg = Debug|Any CPU
		{9FF97629-3157-4917-8CF9-7C83C61F9FB3}.Debug|Any CPU.Build.0 = Debug|Any CPU
		{9FF97629-3157-4917-8CF9-7C83C61F9FB3}.Release|Any CPU.ActiveCfg = Release|Any CPU
		{9FF97629-3157-4917-8CF9-7C83C61F9FB3}.Release|Any CPU.Build.0 = Release|Any CPU
		{4479B107-E99E-46DD-AC55-E6A68B068447}.Debug|Any CPU.ActiveCfg = Debug|Any CPU
		{4479B107-E99E-46DD-AC55-E6A68B068447}.Debug|Any CPU.Build.0 = Debug|Any CPU
		{4479B107-E99E-46DD-AC55-E6A68B068447}.Release|Any CPU.ActiveCfg = Release|Any CPU
		{4479B107-E99E-46DD-AC55-E6A68B068447}.Release|Any CPU.Build.0 = Release|Any CPU
	EndGlobalSection
	GlobalSection(SolutionProperties) = preSolution
		HideSolutionNode = FALSE
	EndGlobalSection
	GlobalSection(ExtensibilityGlobals) = postSolution
		SolutionGuid = {89F75D2C-B0E0-4BEE-AFBF-C7C4F471FAFF}
	EndGlobalSection
EndGlobal
