
Microsoft Visual Studio Solution File, Format Version 12.00
# Visual Studio Version 16
VisualStudioVersion = 25.0.1703.5
MinimumVisualStudioVersion = 10.0.40219.1
Project("{FAE04EC0-301F-11D3-BF4B-00C04F79EFBC}") = "zadacha1", "zadacha1\zadacha1.csproj", "{297EA4AF-68BB-46E6-8D39-444767D2230D}"
EndProject
Project("{FAE04EC0-301F-11D3-BF4B-00C04F79EFBC}") = "zadacha2", "zadacha2\zadacha2.csproj", "{B62F6369-D562-4BD2-ABB6-DA41AB1352EA}"
EndProject
Global
	GlobalSection(SolutionConfigurationPlatforms) = preSolution
		Debug|Any CPU = Debug|Any CPU
		Release|Any CPU = Release|Any CPU
	EndGlobalSection
	GlobalSection(ProjectConfigurationPlatforms) = postSolution
		{297EA4AF-68BB-46E6-8D39-444767D2230D}.Debug|Any CPU.ActiveCfg = Debug|Any CPU
		{297EA4AF-68BB-46E6-8D39-444767D2230D}.Debug|Any CPU.Build.0 = Debug|Any CPU
		{297EA4AF-68BB-46E6-8D39-444767D2230D}.Release|Any CPU.ActiveCfg = Release|Any CPU
		{297EA4AF-68BB-46E6-8D39-444767D2230D}.Release|Any CPU.Build.0 = Release|Any CPU
		{B62F6369-D562-4BD2-ABB6-DA41AB1352EA}.Debug|Any CPU.ActiveCfg = Debug|Any CPU
		{B62F6369-D562-4BD2-ABB6-DA41AB1352EA}.Debug|Any CPU.Build.0 = Debug|Any CPU
		{B62F6369-D562-4BD2-ABB6-DA41AB1352EA}.Release|Any CPU.ActiveCfg = Release|Any CPU
		{B62F6369-D562-4BD2-ABB6-DA41AB1352EA}.Release|Any CPU.Build.0 = Release|Any CPU
	EndGlobalSection
	GlobalSection(SolutionProperties) = preSolution
		HideSolutionNode = FALSE
	EndGlobalSection
	GlobalSection(ExtensibilityGlobals) = postSolution
		SolutionGuid = {A2F93318-1EC8-430C-87E7-26FD8CB43698}
	EndGlobalSection
EndGlobal
